
Microsoft Visual Studio Solution File, Format Version 12.00
# Visual Studio Version 17
VisualStudioVersion = 17.2.32616.157
MinimumVisualStudioVersion = 10.0.40219.1
Project("{FAE04EC0-301F-11D3-BF4B-00C04F79EFBC}") = "AdwWorksDapperAPI", "AdwWorksDapperAPI.csproj", "{2A09DF6A-EA5C-41F3-BFC9-1232E718D693}"
EndProject
Global
	GlobalSection(SolutionConfigurationPlatforms) = preSolution
		Debug|Any CPU = Debug|Any CPU
		Release|Any CPU = Release|Any CPU
	EndGlobalSection
	GlobalSection(ProjectConfigurationPlatforms) = postSolution
		{2A09DF6A-EA5C-41F3-BFC9-1232E718D693}.Debug|Any CPU.ActiveCfg = Debug|Any CPU
		{2A09DF6A-EA5C-41F3-BFC9-1232E718D693}.Debug|Any CPU.Build.0 = Debug|Any CPU
		{2A09DF6A-EA5C-41F3-BFC9-1232E718D693}.Release|Any CPU.ActiveCfg = Release|Any CPU
		{2A09DF6A-EA5C-41F3-BFC9-1232E718D693}.Release|Any CPU.Build.0 = Release|Any CPU
	EndGlobalSection
	GlobalSection(SolutionProperties) = preSolution
		HideSolutionNode = FALSE
	EndGlobalSection
	GlobalSection(ExtensibilityGlobals) = postSolution
		SolutionGuid = {F7287108-AA96-4965-AC9B-B3E8E4CF068A}
	EndGlobalSection
EndGlobal
